{
  "name": "random",
  "version": "1.0.0",
  "lockfileVersion": 3,
  "requires": true,
  "packages": {
    "": {
      "name": "random",
      "version": "1.0.0",
      "license": "ISC",
      "dependencies": {
        "nthline": "^1.0.2"
      }
    },
    "node_modules/nthline": {
      "version": "1.0.2",
      "resolved": "https://registry.npmjs.org/nthline/-/nthline-1.0.2.tgz",
      "integrity": "sha512-8RFu9qRI4dcSj38LP4db3IZ1Lb24aM8VZJhTVdHtwBJN/PVYIIxm5lmbK3sVSvPlXQmiruncbrJ9C7d1/FFZRA==",
      "engines": {
        "node": ">= 0.11.12"
      }
    }
  }
}
